
Microsoft Visual Studio Solution File, Format Version 12.00
Project("{FAE04EC0-301F-11D3-BF4B-00C04F79EFBC}") = "Trie", "Trie\Trie.csproj", "{A87E7018-FB5B-47AB-8323-213DC3A49658}"
EndProject
Project("{FAE04EC0-301F-11D3-BF4B-00C04F79EFBC}") = "Trie.Tests", "Trie.Tests\Trie.Tests.csproj", "{A2F4F365-7EDC-4ECD-9B8F-6D184B1F9CA3}"
EndProject
Global
	GlobalSection(SolutionConfigurationPlatforms) = preSolution
		Debug|Any CPU = Debug|Any CPU
		Release|Any CPU = Release|Any CPU
	EndGlobalSection
	GlobalSection(ProjectConfigurationPlatforms) = postSolution
		{A87E7018-FB5B-47AB-8323-213DC3A49658}.Debug|Any CPU.ActiveCfg = Debug|Any CPU
		{A87E7018-FB5B-47AB-8323-213DC3A49658}.Debug|Any CPU.Build.0 = Debug|Any CPU
		{A87E7018-FB5B-47AB-8323-213DC3A49658}.Release|Any CPU.ActiveCfg = Release|Any CPU
		{A87E7018-FB5B-47AB-8323-213DC3A49658}.Release|Any CPU.Build.0 = Release|Any CPU
		{A2F4F365-7EDC-4ECD-9B8F-6D184B1F9CA3}.Debug|Any CPU.ActiveCfg = Debug|Any CPU
		{A2F4F365-7EDC-4ECD-9B8F-6D184B1F9CA3}.Debug|Any CPU.Build.0 = Debug|Any CPU
		{A2F4F365-7EDC-4ECD-9B8F-6D184B1F9CA3}.Release|Any CPU.ActiveCfg = Release|Any CPU
		{A2F4F365-7EDC-4ECD-9B8F-6D184B1F9CA3}.Release|Any CPU.Build.0 = Release|Any CPU
	EndGlobalSection
EndGlobal
